{
  "name": "datamosh",
  "version": "2.0.0",
  "lockfileVersion": 1,
  "requires": true,
  "dependencies": {
    "@tokenizer/token": {
      "version": "0.1.1",
      "resolved": "https://registry.npmjs.org/@tokenizer/token/-/token-0.1.1.tgz",
      "integrity": "sha512-XO6INPbZCxdprl+9qa/AAbFFOMzzwqYxpjPgLICrMD6C2FCw6qfJOPcBk6JqqPLSaZ/Qx87qn4rpPmPMwaAK6w=="
    },
    "@types/debug": {
      "version": "4.1.5",
      "resolved": "https://registry.npmjs.org/@types/debug/-/debug-4.1.5.tgz",
      "integrity": "sha512-Q1y515GcOdTHgagaVFhHnIFQ38ygs/kmxdNpvpou+raI9UO3YZcHDngBSYKQklcKlvA7iuQlmIKbzvmxcOE9CQ=="
    },
    "@types/node": {
      "version": "15.12.2",
      "resolved": "https://registry.npmjs.org/@types/node/-/node-15.12.2.tgz",
      "integrity": "sha512-zjQ69G564OCIWIOHSXyQEEDpdpGl+G348RAKY0XXy9Z5kU9Vzv1GMNnkar/ZJ8dzXB3COzD9Mo9NtRZ4xfgUww=="
    },
    "@types/readable-stream": {
      "version": "2.3.10",
      "resolved": "https://registry.npmjs.org/@types/readable-stream/-/readable-stream-2.3.10.tgz",
      "integrity": "sha512-xwSXvAv9x4B9Vj88AMZnFyEVLilz1EBxKvRUhGqIF4nJpRQBSTm7jS236X4Y9Y2qPsVvaMxwrGJlNhLHEahlFQ==",
      "requires": {
        "@types/node": "*",
        "safe-buffer": "*"
      }
    },
    "arr-flatten": {
      "version": "1.1.0",
      "resolved": "https://registry.npmjs.org/arr-flatten/-/arr-flatten-1.1.0.tgz",
      "integrity": "sha512-L3hKV5R/p5o81R7O02IGnwpDmkp6E982XhtbuwSe3O4qOtMMMtodicASA1Cny2U+aCXcNpml+m4dPsvsJ3jatg=="
    },
    "atob-lite": {
      "version": "2.0.0",
      "resolved": "https://registry.npmjs.org/atob-lite/-/atob-lite-2.0.0.tgz",
      "integrity": "sha1-D+9a1G8b16hQLGVyfwNn1e5D1pY="
    },
    "bmp-js": {
      "version": "0.1.0",
      "resolved": "https://registry.npmjs.org/bmp-js/-/bmp-js-0.1.0.tgz",
      "integrity": "sha1-4Fpj95amwf8l9Hcex62twUjAcjM="
    },
    "buffer-to-uint8array": {
      "version": "1.1.0",
      "resolved": "https://registry.npmjs.org/buffer-to-uint8array/-/buffer-to-uint8array-1.1.0.tgz",
      "integrity": "sha1-z29BKHwCL0WNp1LDkcGo1TXsX3I="
    },
    "clamp": {
      "version": "1.0.1",
      "resolved": "https://registry.npmjs.org/clamp/-/clamp-1.0.1.tgz",
      "integrity": "sha1-ZqDmQBGBbjcZaCj9yMjBRzEshjQ="
    },
    "color-id": {
      "version": "1.1.0",
      "resolved": "https://registry.npmjs.org/color-id/-/color-id-1.1.0.tgz",
      "integrity": "sha512-2iRtAn6dC/6/G7bBIo0uupVrIne1NsQJvJxZOBCzQOfk7jRq97feaDZ3RdzuHakRXXnHGNwglto3pqtRx1sX0g==",
      "requires": {
        "clamp": "^1.0.1"
      }
    },
    "compute-dims": {
      "version": "1.1.0",
      "resolved": "https://registry.npmjs.org/compute-dims/-/compute-dims-1.1.0.tgz",
      "integrity": "sha512-YHMiIKjH/8Eom8zATk3g8/lH3HxGCZcVQyEfEoVrfWI7od/WRpTgRGShnei3jArYSx77mQqPxZNokjGHCdLfxg==",
      "requires": {
        "utils-copy": "^1.0.0",
        "validate.io-array": "^1.0.6",
        "validate.io-matrix-like": "^1.0.2",
        "validate.io-ndarray-like": "^1.0.0",
        "validate.io-positive-integer": "^1.0.0"
      }
    },
    "const-max-uint32": {
      "version": "1.0.2",
      "resolved": "https://registry.npmjs.org/const-max-uint32/-/const-max-uint32-1.0.2.tgz",
      "integrity": "sha1-8Am7YjDmeO2HTdLWqc2ePL+rtnY="
    },
    "const-pinf-float64": {
      "version": "1.0.0",
      "resolved": "https://registry.npmjs.org/const-pinf-float64/-/const-pinf-float64-1.0.0.tgz",
      "integrity": "sha1-9u+w15+cCYbT558pI6v5twtj1yY="
    },
    "dtype": {
      "version": "2.0.0",
      "resolved": "https://registry.npmjs.org/dtype/-/dtype-2.0.0.tgz",
      "integrity": "sha1-zQUjI84GFETs0uj1dI9popvihDQ="
    },
    "file-type": {
      "version": "16.5.0",
      "resolved": "https://registry.npmjs.org/file-type/-/file-type-16.5.0.tgz",
      "integrity": "sha512-OxgWA9tbL8N/WP00GD1z8O0MiwQKFyWRs1q+3FhjdvcGgKqwxcejyGWso3n4/IMU6DdwV+ARZ4A7TTnPkDcSiw==",
      "requires": {
        "readable-web-to-node-stream": "^3.0.0",
        "strtok3": "^6.0.3",
        "token-types": "^2.0.0"
      }
    },
    "flatten-vertex-data": {
      "version": "1.0.2",
      "resolved": "https://registry.npmjs.org/flatten-vertex-data/-/flatten-vertex-data-1.0.2.tgz",
      "integrity": "sha512-BvCBFK2NZqerFTdMDgqfHBwxYWnxeCkwONsw6PvBMcUXqo8U/KDWwmXhqx1x2kLIg7DqIsJfOaJFOmlua3Lxuw==",
      "requires": {
        "dtype": "^2.0.0"
      }
    },
    "flip-pixels": {
      "version": "1.0.2",
      "resolved": "https://registry.npmjs.org/flip-pixels/-/flip-pixels-1.0.2.tgz",
      "integrity": "sha512-oXbJGbjDnfJRWPC7Va38EFhd+A8JWE5/hCiKcK8qjCdbLj9DTpsq6MEudwpRTH+V4qq+Jw7d3pUgQdSr3x3mTA=="
    },
    "ieee754": {
      "version": "1.2.1",
      "resolved": "https://registry.npmjs.org/ieee754/-/ieee754-1.2.1.tgz",
      "integrity": "sha512-dcyqhDvX1C46lXZcVqCpK+FtMRQVdIMN6/Df5js2zouUsqG7I6sFxitIC+7KYK29KdXOLHdu9zL4sFnoVQnqaA=="
    },
    "image-decode": {
      "version": "1.2.2",
      "resolved": "https://registry.npmjs.org/image-decode/-/image-decode-1.2.2.tgz",
      "integrity": "sha512-WJSWrPNmEnWVYGkY22bA6206MKYjfGl01fdlwIp6ovdnPL2qGJyC3wQj8QqYbdblchzwgglFg8Jcb/1f6fhaTQ==",
      "requires": {
        "bmp-js": "^0.1.0",
        "buffer-to-uint8array": "^1.1.0",
        "image-type": "^3.0.0",
        "jpeg-js": "^0.3.4",
        "omggif": "^1.0.9",
        "pngjs": "^3.3.3",
        "to-array-buffer": "^3.0.0",
        "utif": "^2.0.1"
      }
    },
    "image-encode": {
      "version": "1.3.1",
      "resolved": "https://registry.npmjs.org/image-encode/-/image-encode-1.3.1.tgz",
      "integrity": "sha512-XlDSaqGFrW0Rn08fxJM725+h9Hfx/D9u1RVMP8IrcSRN5Ib74UgVf7yuzoS8YAxKc6HqQ8bhDSvy+rIzCUoAYg==",
      "requires": {
        "bmp-js": "^0.1.0",
        "image-palette": "^2.0.1",
        "image-type": "^3.0.0",
        "is-plain-obj": "^1.1.0",
        "jpeg-js": "^0.4.1",
        "next-pow-2": "^1.0.0",
        "object-assign": "^4.1.1",
        "omggif": "^1.0.9",
        "pngjs": "^3.3.3",
        "pxls": "^2.3.1",
        "to-array-buffer": "^3.0.0",
        "utif": "^2.0.1"
      },
      "dependencies": {
        "jpeg-js": {
          "version": "0.4.3",
          "resolved": "https://registry.npmjs.org/jpeg-js/-/jpeg-js-0.4.3.tgz",
          "integrity": "sha512-ru1HWKek8octvUHFHvE5ZzQ1yAsJmIvRdGWvSoKV52XKyuyYA437QWDttXT8eZXDSbuMpHlLzPDZUPd6idIz+Q=="
        }
      }
    },
    "image-palette": {
      "version": "2.1.0",
      "resolved": "https://registry.npmjs.org/image-palette/-/image-palette-2.1.0.tgz",
      "integrity": "sha512-3ImSEWD26+xuQFdP0RWR4WSXadZwvgrFhjGNpMEapTG1tf2XrBFS2dlKK5hNgH4UIaSQlSUFRn1NeA+zULIWbQ==",
      "requires": {
        "color-id": "^1.1.0",
        "pxls": "^2.0.0",
        "quantize": "^1.0.2"
      }
    },
    "image-type": {
      "version": "3.1.0",
      "resolved": "https://registry.npmjs.org/image-type/-/image-type-3.1.0.tgz",
      "integrity": "sha512-edYRXKQ3WD2yHXFGUbwoJVn5v7j1A6Z505uZUYIfzCwOOhPGLYSc3VOucF9fqbsaUbgb37DdjOU+WV4uo7ZooQ==",
      "requires": {
        "file-type": "^10.9.0"
      },
      "dependencies": {
        "file-type": {
          "version": "10.11.0",
          "resolved": "https://registry.npmjs.org/file-type/-/file-type-10.11.0.tgz",
          "integrity": "sha512-uzk64HRpUZyTGZtVuvrjP0FYxzQrBf4rojot6J65YMEbwBLB0CWm0CLojVpwpmFmxcE/lkvYICgfcGozbBq6rw=="
        }
      }
    },
    "inherits": {
      "version": "2.0.4",
      "resolved": "https://registry.npmjs.org/inherits/-/inherits-2.0.4.tgz",
      "integrity": "sha512-k/vGaX4/Yla3WzyMCvTQOXYeIHvqOKtnqBduzTHpzpQZzAskKMhZ2K+EnBiSM9zGSoIFeMpXKxa4dYeZIQqewQ=="
    },
    "is-base64": {
      "version": "0.1.0",
      "resolved": "https://registry.npmjs.org/is-base64/-/is-base64-0.1.0.tgz",
      "integrity": "sha512-WRRyllsGXJM7ZN7gPTCCQ/6wNPTRDwiWdPK66l5sJzcU/oOzcIcRRf0Rux8bkpox/1yjt0F6VJRsQOIG2qz5sg=="
    },
    "is-blob": {
      "version": "2.1.0",
      "resolved": "https://registry.npmjs.org/is-blob/-/is-blob-2.1.0.tgz",
      "integrity": "sha512-SZ/fTft5eUhQM6oF/ZaASFDEdbFVe89Imltn9uZr03wdKMcWNVYSMjQPFtg05QuNkt5l5c135ElvXEQG0rk4tw=="
    },
    "is-browser": {
      "version": "2.1.0",
      "resolved": "https://registry.npmjs.org/is-browser/-/is-browser-2.1.0.tgz",
      "integrity": "sha512-F5rTJxDQ2sW81fcfOR1GnCXT6sVJC104fCyfj+mjpwNEwaPYSn5fte5jiHmBg3DHsIoL/l8Kvw5VN5SsTRcRFQ=="
    },
    "is-buffer": {
      "version": "2.0.5",
      "resolved": "https://registry.npmjs.org/is-buffer/-/is-buffer-2.0.5.tgz",
      "integrity": "sha512-i2R6zNFDwgEHJyQUtJEk0XFi1i0dPFn/oqjK3/vPCcDeJvW5NQ83V8QbicfF1SupOaB0h8ntgBC2YiE7dfyctQ=="
    },
    "is-float-array": {
      "version": "1.0.0",
      "resolved": "https://registry.npmjs.org/is-float-array/-/is-float-array-1.0.0.tgz",
      "integrity": "sha512-4ew1Sx6B6kEAl3T3NOM0yB94J3NZnBdNt4paw0e8nY73yHHTeTEhyQ3Lj7EQEnv5LD+GxNTaT4L46jcKjjpLiQ=="
    },
    "is-plain-obj": {
      "version": "1.1.0",
      "resolved": "https://registry.npmjs.org/is-plain-obj/-/is-plain-obj-1.1.0.tgz",
      "integrity": "sha1-caUMhCnfync8kqOQpKA7OfzVHT4="
    },
    "jpeg-js": {
      "version": "0.3.6",
      "resolved": "https://registry.npmjs.org/jpeg-js/-/jpeg-js-0.3.6.tgz",
      "integrity": "sha512-MUj2XlMB8kpe+8DJUGH/3UJm4XpI8XEgZQ+CiHDeyrGoKPdW/8FJv6ku+3UiYm5Fz3CWaL+iXmD8Q4Ap6aC1Jw=="
    },
    "next-pow-2": {
      "version": "1.0.0",
      "resolved": "https://registry.npmjs.org/next-pow-2/-/next-pow-2-1.0.0.tgz",
      "integrity": "sha1-y1wvHa4EDFbN1c2h3FxqOjOPQ2c="
    },
    "object-assign": {
      "version": "4.1.1",
      "resolved": "https://registry.npmjs.org/object-assign/-/object-assign-4.1.1.tgz",
      "integrity": "sha1-IQmtx5ZYh8/AXLvUQsrIv7s2CGM="
    },
    "object-keys": {
      "version": "1.1.1",
      "resolved": "https://registry.npmjs.org/object-keys/-/object-keys-1.1.1.tgz",
      "integrity": "sha512-NuAESUOUMrlIXOfHKzD6bpPu3tYt3xvjNdRIQ+FeT0lNb4K8WR70CaDxhuNguS2XG+GjkyMwOzsN5ZktImfhLA=="
    },
    "omggif": {
      "version": "1.0.10",
      "resolved": "https://registry.npmjs.org/omggif/-/omggif-1.0.10.tgz",
      "integrity": "sha512-LMJTtvgc/nugXj0Vcrrs68Mn2D1r0zf630VNtqtpI1FEO7e+O9FP4gqs9AcnBaSEeoHIPm28u6qgPR0oyEpGSw=="
    },
    "pako": {
      "version": "1.0.11",
      "resolved": "https://registry.npmjs.org/pako/-/pako-1.0.11.tgz",
      "integrity": "sha512-4hLB8Py4zZce5s4yd9XzopqwVv/yGNhV1Bl8NTmCq1763HeK2+EwVTv+leGeL13Dnh2wfbqowVPXCIO0z4taYw=="
    },
    "peek-readable": {
      "version": "3.1.3",
      "resolved": "https://registry.npmjs.org/peek-readable/-/peek-readable-3.1.3.tgz",
      "integrity": "sha512-mpAcysyRJxmICBcBa5IXH7SZPvWkcghm6Fk8RekoS3v+BpbSzlZzuWbMx+GXrlUwESi9qHar4nVEZNMKylIHvg=="
    },
    "pngjs": {
      "version": "3.4.0",
      "resolved": "https://registry.npmjs.org/pngjs/-/pngjs-3.4.0.tgz",
      "integrity": "sha512-NCrCHhWmnQklfH4MtJMRjZ2a8c80qXeMlQMv2uVp9ISJMTt562SbGd6n2oq0PaPgKm7Z6pL9E2UlLIhC+SHL3w=="
    },
    "prettier": {
      "version": "2.3.0",
      "resolved": "https://registry.npmjs.org/prettier/-/prettier-2.3.0.tgz",
      "integrity": "sha512-kXtO4s0Lz/DW/IJ9QdWhAf7/NmPWQXkFr/r/WkR3vyI+0v8amTDxiaQSLzs8NBlytfLWX/7uQUMIW677yLKl4w==",
      "dev": true
    },
    "pxls": {
      "version": "2.3.2",
      "resolved": "https://registry.npmjs.org/pxls/-/pxls-2.3.2.tgz",
      "integrity": "sha512-pQkwgbLqWPcuES5iEmGa10OlCf5xG0blkIF3dg7PpRZShbTYcvAdfFfGL03SMrkaSUaa/V0UpN9HWg40O2AIIw==",
      "requires": {
        "arr-flatten": "^1.1.0",
        "compute-dims": "^1.1.0",
        "flip-pixels": "^1.0.2",
        "is-browser": "^2.1.0",
        "is-buffer": "^2.0.3",
        "to-uint8": "^1.4.1"
      }
    },
    "quantize": {
      "version": "1.0.2",
      "resolved": "https://registry.npmjs.org/quantize/-/quantize-1.0.2.tgz",
      "integrity": "sha1-0lrCAKd7bXD0ASfKFxoQ4zyFRt4="
    },
    "readable-stream": {
      "version": "3.6.0",
      "resolved": "https://registry.npmjs.org/readable-stream/-/readable-stream-3.6.0.tgz",
      "integrity": "sha512-BViHy7LKeTz4oNnkcLJ+lVSL6vpiFeX6/d3oSH8zCW7UxP2onchk+vTGB143xuFjHS3deTgkKoXXymXqymiIdA==",
      "requires": {
        "inherits": "^2.0.3",
        "string_decoder": "^1.1.1",
        "util-deprecate": "^1.0.1"
      }
    },
    "readable-web-to-node-stream": {
      "version": "3.0.1",
      "resolved": "https://registry.npmjs.org/readable-web-to-node-stream/-/readable-web-to-node-stream-3.0.1.tgz",
      "integrity": "sha512-4zDC6CvjUyusN7V0QLsXVB7pJCD9+vtrM9bYDRv6uBQ+SKfx36rp5AFNPRgh9auKRul/a1iFZJYXcCbwRL+SaA==",
      "requires": {
        "@types/readable-stream": "^2.3.9",
        "readable-stream": "^3.6.0"
      }
    },
    "regex-regex": {
      "version": "1.0.0",
      "resolved": "https://registry.npmjs.org/regex-regex/-/regex-regex-1.0.0.tgz",
      "integrity": "sha1-kEih6uuHD01IDavHb8Qs3MC8OnI="
    },
    "safe-buffer": {
      "version": "5.2.1",
      "resolved": "https://registry.npmjs.org/safe-buffer/-/safe-buffer-5.2.1.tgz",
      "integrity": "sha512-rp3So07KcdmmKbGvgaNxQSJr7bGVSVk5S9Eq1F+ppbRo70+YeaDxkw5Dd8NPN+GD6bjnYm2VuPuCXmpuYvmCXQ=="
    },
    "string-to-arraybuffer": {
      "version": "1.0.2",
      "resolved": "https://registry.npmjs.org/string-to-arraybuffer/-/string-to-arraybuffer-1.0.2.tgz",
      "integrity": "sha512-DaGZidzi93dwjQen5I2osxR9ERS/R7B1PFyufNMnzhj+fmlDQAc1DSDIJVJhgI8Oq221efIMbABUBdPHDRt43Q==",
      "requires": {
        "atob-lite": "^2.0.0",
        "is-base64": "^0.1.0"
      }
    },
    "string_decoder": {
      "version": "1.3.0",
      "resolved": "https://registry.npmjs.org/string_decoder/-/string_decoder-1.3.0.tgz",
      "integrity": "sha512-hkRX8U1WjJFd8LsDJ2yQ/wWWxaopEsABU1XfkM8A+j0+85JAGppt16cr1Whg6KIbb4okU6Mql6BOj+uup/wKeA==",
      "requires": {
        "safe-buffer": "~5.2.0"
      }
    },
    "strtok3": {
      "version": "6.0.8",
      "resolved": "https://registry.npmjs.org/strtok3/-/strtok3-6.0.8.tgz",
      "integrity": "sha512-QLgv+oiXwXgCgp2PdPPa+Jpp4D9imK9e/0BsyfeFMr6QL6wMVqoVn9+OXQ9I7MZbmUzN6lmitTJ09uwS2OmGcw==",
      "requires": {
        "@tokenizer/token": "^0.1.1",
        "@types/debug": "^4.1.5",
        "peek-readable": "^3.1.3"
      }
    },
    "to-array-buffer": {
      "version": "3.2.0",
      "resolved": "https://registry.npmjs.org/to-array-buffer/-/to-array-buffer-3.2.0.tgz",
      "integrity": "sha512-zN33mwi0gpL+7xW1ITLfJ48CEj6ZQW0ZAP0MU+2W3kEY0PAIncyuxmD4OqkUVhPAbTP7amq9j/iwvZKYS+lzSQ==",
      "requires": {
        "flatten-vertex-data": "^1.0.2",
        "is-blob": "^2.0.1",
        "string-to-arraybuffer": "^1.0.0"
      }
    },
    "to-uint8": {
      "version": "1.4.1",
      "resolved": "https://registry.npmjs.org/to-uint8/-/to-uint8-1.4.1.tgz",
      "integrity": "sha512-o+ochsMlTZyucbww8It401FC2Rx+OP2RpDeYbA6h+y9HgedDl1UjdsJ9CmzKEG7AFP9es5PmJ4eDWeeeXihESg==",
      "requires": {
        "arr-flatten": "^1.1.0",
        "clamp": "^1.0.1",
        "is-base64": "^0.1.0",
        "is-float-array": "^1.0.0",
        "to-array-buffer": "^3.0.0"
      }
    },
    "token-types": {
      "version": "2.1.1",
      "resolved": "https://registry.npmjs.org/token-types/-/token-types-2.1.1.tgz",
      "integrity": "sha512-wnQcqlreS6VjthyHO3Y/kpK/emflxDBNhlNUPfh7wE39KnuDdOituXomIbyI79vBtF0Ninpkh72mcuRHo+RG3Q==",
      "requires": {
        "@tokenizer/token": "^0.1.1",
        "ieee754": "^1.2.1"
      }
    },
    "type-name": {
      "version": "2.0.2",
      "resolved": "https://registry.npmjs.org/type-name/-/type-name-2.0.2.tgz",
      "integrity": "sha1-7+fUEj2KxSr/9/QMfk3sUmYAj7Q="
    },
    "utif": {
      "version": "2.0.1",
      "resolved": "https://registry.npmjs.org/utif/-/utif-2.0.1.tgz",
      "integrity": "sha512-Z/S1fNKCicQTf375lIP9G8Sa1H/phcysstNrrSdZKj1f9g58J4NMgb5IgiEZN9/nLMPDwF0W7hdOe9Qq2IYoLg==",
      "requires": {
        "pako": "^1.0.5"
      }
    },
    "util-deprecate": {
      "version": "1.0.2",
      "resolved": "https://registry.npmjs.org/util-deprecate/-/util-deprecate-1.0.2.tgz",
      "integrity": "sha1-RQ1Nyfpw3nMnYvvS1KKJgUGaDM8="
    },
    "utils-copy": {
      "version": "1.1.1",
      "resolved": "https://registry.npmjs.org/utils-copy/-/utils-copy-1.1.1.tgz",
      "integrity": "sha1-biuXmCqozXPhGCo+b4vsPA9AWKc=",
      "requires": {
        "const-pinf-float64": "^1.0.0",
        "object-keys": "^1.0.9",
        "type-name": "^2.0.0",
        "utils-copy-error": "^1.0.0",
        "utils-indexof": "^1.0.0",
        "utils-regex-from-string": "^1.0.0",
        "validate.io-array": "^1.0.3",
        "validate.io-buffer": "^1.0.1",
        "validate.io-nonnegative-integer": "^1.0.0"
      }
    },
    "utils-copy-error": {
      "version": "1.0.1",
      "resolved": "https://registry.npmjs.org/utils-copy-error/-/utils-copy-error-1.0.1.tgz",
      "integrity": "sha1-eR3jk8DwmJCv1Z88vqY18HmpT6U=",
      "requires": {
        "object-keys": "^1.0.9",
        "utils-copy": "^1.1.0"
      }
    },
    "utils-indexof": {
      "version": "1.0.0",
      "resolved": "https://registry.npmjs.org/utils-indexof/-/utils-indexof-1.0.0.tgz",
      "integrity": "sha1-IP6r8J7xAYtSNkPoOA57yD7GG1w=",
      "requires": {
        "validate.io-array-like": "^1.0.1",
        "validate.io-integer-primitive": "^1.0.0"
      }
    },
    "utils-regex-from-string": {
      "version": "1.0.0",
      "resolved": "https://registry.npmjs.org/utils-regex-from-string/-/utils-regex-from-string-1.0.0.tgz",
      "integrity": "sha1-/hopCfjeD/DVGCyA+8ZU1qaH0Yk=",
      "requires": {
        "regex-regex": "^1.0.0",
        "validate.io-string-primitive": "^1.0.0"
      }
    },
    "validate.io-array": {
      "version": "1.0.6",
      "resolved": "https://registry.npmjs.org/validate.io-array/-/validate.io-array-1.0.6.tgz",
      "integrity": "sha1-W1osr9j4uFq7L4hroVPy2Tond00="
    },
    "validate.io-array-like": {
      "version": "1.0.2",
      "resolved": "https://registry.npmjs.org/validate.io-array-like/-/validate.io-array-like-1.0.2.tgz",
      "integrity": "sha1-evn363tRcVvrIhVmjsXM5U+t21o=",
      "requires": {
        "const-max-uint32": "^1.0.2",
        "validate.io-integer-primitive": "^1.0.0"
      }
    },
    "validate.io-buffer": {
      "version": "1.0.2",
      "resolved": "https://registry.npmjs.org/validate.io-buffer/-/validate.io-buffer-1.0.2.tgz",
      "integrity": "sha1-hS1nNAIZFNXROvwyUxdh43IO1E4="
    },
    "validate.io-integer": {
      "version": "1.0.5",
      "resolved": "https://registry.npmjs.org/validate.io-integer/-/validate.io-integer-1.0.5.tgz",
      "integrity": "sha1-FoSWSAuVviJH7EQ/IjPeT4mHgGg=",
      "requires": {
        "validate.io-number": "^1.0.3"
      }
    },
    "validate.io-integer-primitive": {
      "version": "1.0.0",
      "resolved": "https://registry.npmjs.org/validate.io-integer-primitive/-/validate.io-integer-primitive-1.0.0.tgz",
      "integrity": "sha1-qaoBA1X+hoHA/qbBp0rSQZyt3cY=",
      "requires": {
        "validate.io-number-primitive": "^1.0.0"
      }
    },
    "validate.io-matrix-like": {
      "version": "1.0.2",
      "resolved": "https://registry.npmjs.org/validate.io-matrix-like/-/validate.io-matrix-like-1.0.2.tgz",
      "integrity": "sha1-XsMqddCInaxzbepovdYUWxVe38M="
    },
    "validate.io-ndarray-like": {
      "version": "1.0.0",
      "resolved": "https://registry.npmjs.org/validate.io-ndarray-like/-/validate.io-ndarray-like-1.0.0.tgz",
      "integrity": "sha1-2KOw7RZbvx0vwNAHMnDPpVIpWRk="
    },
    "validate.io-nonnegative-integer": {
      "version": "1.0.0",
      "resolved": "https://registry.npmjs.org/validate.io-nonnegative-integer/-/validate.io-nonnegative-integer-1.0.0.tgz",
      "integrity": "sha1-gGkkOgjF+Y6VQTySnf17GPP28p8=",
      "requires": {
        "validate.io-integer": "^1.0.5"
      }
    },
    "validate.io-number": {
      "version": "1.0.3",
      "resolved": "https://registry.npmjs.org/validate.io-number/-/validate.io-number-1.0.3.tgz",
      "integrity": "sha1-9j/+2iSL8opnqNSODjtGGhZluvg="
    },
    "validate.io-number-primitive": {
      "version": "1.0.0",
      "resolved": "https://registry.npmjs.org/validate.io-number-primitive/-/validate.io-number-primitive-1.0.0.tgz",
      "integrity": "sha1-0uAfICmJNp3PEVVElWQgOv5YTlU="
    },
    "validate.io-positive-integer": {
      "version": "1.0.0",
      "resolved": "https://registry.npmjs.org/validate.io-positive-integer/-/validate.io-positive-integer-1.0.0.tgz",
      "integrity": "sha1-ftLQO0wnVYzGagCqsPDpIYFKZYI=",
      "requires": {
        "validate.io-integer": "^1.0.5"
      }
    },
    "validate.io-string-primitive": {
      "version": "1.0.1",
      "resolved": "https://registry.npmjs.org/validate.io-string-primitive/-/validate.io-string-primitive-1.0.1.tgz",
      "integrity": "sha1-uBNbn7E3K94C/dU60dDM1t55j+4="
    }
  }
}
